
Microsoft Visual Studio Solution File, Format Version 12.00
# Visual Studio Version 17
VisualStudioVersion = 17.11.35208.52
MinimumVisualStudioVersion = 10.0.40219.1
Project("{FAE04EC0-301F-11D3-BF4B-00C04F79EFBC}") = "StudentLibrary", "StudentLibrary\StudentLibrary.csproj", "{8B4381B4-CD92-4B4B-A58E-4AE5A83135FA}"
EndProject
Global
	GlobalSection(SolutionConfigurationPlatforms) = preSolution
		Debug|Any CPU = Debug|Any CPU
		Release|Any CPU = Release|Any CPU
	EndGlobalSection
	GlobalSection(ProjectConfigurationPlatforms) = postSolution
		{8B4381B4-CD92-4B4B-A58E-4AE5A83135FA}.Debug|Any CPU.ActiveCfg = Debug|Any CPU
		{8B4381B4-CD92-4B4B-A58E-4AE5A83135FA}.Debug|Any CPU.Build.0 = Debug|Any CPU
		{8B4381B4-CD92-4B4B-A58E-4AE5A83135FA}.Release|Any CPU.ActiveCfg = Release|Any CPU
		{8B4381B4-CD92-4B4B-A58E-4AE5A83135FA}.Release|Any CPU.Build.0 = Release|Any CPU
	EndGlobalSection
	GlobalSection(SolutionProperties) = preSolution
		HideSolutionNode = FALSE
	EndGlobalSection
	GlobalSection(ExtensibilityGlobals) = postSolution
		SolutionGuid = {AD06EEF1-FEF7-41F6-866C-125EC9CF05D0}
	EndGlobalSection
EndGlobal
